
Microsoft Visual Studio Solution File, Format Version 12.00
# Visual Studio Version 17
VisualStudioVersion = 17.14.36408.4 d17.14
MinimumVisualStudioVersion = 10.0.40219.1
Project("{FAE04EC0-301F-11D3-BF4B-00C04F79EFBC}") = "Savedra.Web", "Savedra.Web\Savedra.Web.csproj", "{4C01E469-24D5-4821-B898-FCC32DE58D58}"
EndProject
Global
	GlobalSection(SolutionConfigurationPlatforms) = preSolution
		Debug|Any CPU = Debug|Any CPU
		Release|Any CPU = Release|Any CPU
	EndGlobalSection
	GlobalSection(ProjectConfigurationPlatforms) = postSolution
		{4C01E469-24D5-4821-B898-FCC32DE58D58}.Debug|Any CPU.ActiveCfg = Debug|Any CPU
		{4C01E469-24D5-4821-B898-FCC32DE58D58}.Debug|Any CPU.Build.0 = Debug|Any CPU
		{4C01E469-24D5-4821-B898-FCC32DE58D58}.Release|Any CPU.ActiveCfg = Release|Any CPU
		{4C01E469-24D5-4821-B898-FCC32DE58D58}.Release|Any CPU.Build.0 = Release|Any CPU
	EndGlobalSection
	GlobalSection(SolutionProperties) = preSolution
		HideSolutionNode = FALSE
	EndGlobalSection
	GlobalSection(ExtensibilityGlobals) = postSolution
		SolutionGuid = {FBBF3792-B8B8-403E-9833-6B6058E9C7A4}
	EndGlobalSection
EndGlobal
